
Microsoft Visual Studio Solution File, Format Version 12.00
# Visual Studio Version 17
VisualStudioVersion = 17.14.36414.22
MinimumVisualStudioVersion = 10.0.40219.1
Project("{2150E333-8FDC-42A3-9474-1A3956D46DE8}") = "Task0", "Task0", "{02EA681E-C7D8-13C7-8484-4AC65E1B71E8}"
EndProject
Project("{FAE04EC0-301F-11D3-BF4B-00C04F79EFBC}") = "Tyuiu.DyuvenzhiMI.Sprint3.Task0.V29.Lib", "Tyuiu.DyuvenzhiMI.Sprint3.Task0.V29.Lib\Tyuiu.DyuvenzhiMI.Sprint3.Task0.V29.Lib.csproj", "{BA8A9195-30F5-4552-AB0E-DC144D8C05A6}"
EndProject
Project("{FAE04EC0-301F-11D3-BF4B-00C04F79EFBC}") = "Tyuiu.DyuvenzhiMI.Sprint3.Task0.V29.Test", "Tyuiu.DyuvenzhiMI.Sprint3.Task0.V29.Test\Tyuiu.DyuvenzhiMI.Sprint3.Task0.V29.Test.csproj", "{E93DF803-0504-49CC-82AD-9BBF3A0050D6}"
EndProject
Project("{FAE04EC0-301F-11D3-BF4B-00C04F79EFBC}") = "Tyuiu.DyuvenzhiMI.Sprint3.Task0.V29", "Tyuiu.DyuvenzhiMI.Sprint3.Task0.V29\Tyuiu.DyuvenzhiMI.Sprint3.Task0.V29.csproj", "{39A11873-5580-442A-AD0E-C1DF7384A076}"
EndProject
Project("{2150E333-8FDC-42A3-9474-1A3956D46DE8}") = "Task1", "Task1", "{0D015748-C852-406A-AF3C-3D740F9CEA44}"
EndProject
Project("{FAE04EC0-301F-11D3-BF4B-00C04F79EFBC}") = "Tyuiu.DyuvenzhiMI.Sprint3.Task1.V29.Lib", "Tyuiu.DyuvenzhiMI.Sprint3.Task1.V29.Lib\Tyuiu.DyuvenzhiMI.Sprint3.Task1.V29.Lib.csproj", "{F717681F-7D65-49C0-AFC3-13B682472CCB}"
EndProject
Project("{FAE04EC0-301F-11D3-BF4B-00C04F79EFBC}") = "Tyuiu.DyuvenzhiMI.Sprint3.Task1.V29", "Tyuiu.DyuvenzhiMI.Sprint3.Task1.V29\Tyuiu.DyuvenzhiMI.Sprint3.Task1.V29.csproj", "{2C98B79B-4EA0-498F-B9BF-C7FA24C6B4CC}"
EndProject
Project("{FAE04EC0-301F-11D3-BF4B-00C04F79EFBC}") = "Tyuiu.DyuvenzhiMI.Sprint3.Task1.V29.Test", "Tyuiu.DyuvenzhiMI.Sprint3.Task1.V29.Test\Tyuiu.DyuvenzhiMI.Sprint3.Task1.V29.Test.csproj", "{C99A75A8-BD9B-4C68-B0FC-4A192F59A4D4}"
EndProject
Project("{2150E333-8FDC-42A3-9474-1A3956D46DE8}") = "Task2", "Task2", "{8E115581-1205-4098-A39C-56F5879CB3DB}"
EndProject
Project("{FAE04EC0-301F-11D3-BF4B-00C04F79EFBC}") = "Tyuiu.DyuvenzhiMI.Sprint3.Task2.V15.Test", "Tyuiu.DyuvenzhiMI.Sprint3.Task2.V15.Test\Tyuiu.DyuvenzhiMI.Sprint3.Task2.V15.Test.csproj", "{F05CD8B3-3A28-409E-9F46-86DE35B49A3B}"
EndProject
Project("{FAE04EC0-301F-11D3-BF4B-00C04F79EFBC}") = "Tyuiu.DyuvenzhiMI.Sprint3.Task2.V15", "Tyuiu.DyuvenzhiMI.Sprint3.Task2.V15\Tyuiu.DyuvenzhiMI.Sprint3.Task2.V15.csproj", "{7CD738C6-873E-46B4-9F19-D9C1EFA9AF2E}"
EndProject
Project("{FAE04EC0-301F-11D3-BF4B-00C04F79EFBC}") = "Tyuiu.DyuvenzhiMI.Sprint3.Task2.V15.Lib", "Tyuiu.DyuvenzhiMI.Sprint3.Task2.V15.Lib\Tyuiu.DyuvenzhiMI.Sprint3.Task2.V15.Lib.csproj", "{EA2782C4-6E48-4CBE-A058-95116AF6999A}"
EndProject
Project("{2150E333-8FDC-42A3-9474-1A3956D46DE8}") = "Task3", "Task3", "{AED21638-6936-41CA-ABC3-EC3C055C8EC7}"
EndProject
Project("{FAE04EC0-301F-11D3-BF4B-00C04F79EFBC}") = "Tyuiu.DyuvenzhiMI.Sprint3.Task3.V1.Lib", "Tyuiu.DyuvenzhiMI.Sprint3.Task3.V1.Lib\Tyuiu.DyuvenzhiMI.Sprint3.Task3.V1.Lib.csproj", "{668A993D-4122-42A1-9FF4-2D36A947EF52}"
EndProject
Project("{FAE04EC0-301F-11D3-BF4B-00C04F79EFBC}") = "Tyuiu.DyuvenzhiMI.Sprint3.Task3.V1", "Tyuiu.DyuvenzhiMI.Sprint3.Task3.V1\Tyuiu.DyuvenzhiMI.Sprint3.Task3.V1.csproj", "{DD01322A-4B34-4A81-A2B0-6E1BCB284163}"
EndProject
Project("{FAE04EC0-301F-11D3-BF4B-00C04F79EFBC}") = "Tyuiu.DyuvenzhiMI.Sprint3.Task3.V1.Test", "Tyuiu.DyuvenzhiMI.Sprint3.Task3.V1.Test\Tyuiu.DyuvenzhiMI.Sprint3.Task3.V1.Test.csproj", "{8FF3B150-7CC6-43D8-B2FC-F02290CB6B4F}"
EndProject
Project("{2150E333-8FDC-42A3-9474-1A3956D46DE8}") = "Task4", "Task4", "{D5934930-5E8D-4146-9763-24FB78FB4256}"
EndProject
Project("{FAE04EC0-301F-11D3-BF4B-00C04F79EFBC}") = "Tyuiu.DyuvenzhiMI.Sprint3.Task4.V11.Test", "Tyuiu.DyuvenzhiMI.Sprint3.Task4.V11.Test\Tyuiu.DyuvenzhiMI.Sprint3.Task4.V11.Test.csproj", "{B1274C08-1684-428C-A1A4-CAC596A35F9B}"
EndProject
Project("{FAE04EC0-301F-11D3-BF4B-00C04F79EFBC}") = "Tyuiu.DyuvenzhiMI.Sprint3.Task4.V11", "Tyuiu.DyuvenzhiMI.Sprint3.Task4.V11\Tyuiu.DyuvenzhiMI.Sprint3.Task4.V11.csproj", "{2288E19C-8AE1-46C9-A7BB-62A5ADE838BA}"
EndProject
Project("{FAE04EC0-301F-11D3-BF4B-00C04F79EFBC}") = "Tyuiu.DyuvenzhiMI.Sprint3.Task4.V11.Lib", "Tyuiu.DyuvenzhiMI.Sprint3.Task4.V11.Lib\Tyuiu.DyuvenzhiMI.Sprint3.Task4.V11.Lib.csproj", "{3958A510-421F-4B42-A045-1CF32292809B}"
EndProject
Project("{2150E333-8FDC-42A3-9474-1A3956D46DE8}") = "Task5", "Task5", "{3370F676-5BBD-428C-8B22-93686CA55CEC}"
EndProject
Project("{FAE04EC0-301F-11D3-BF4B-00C04F79EFBC}") = "Tyuiu.DyuvenzhiMI.Sprint3.Task5.V28.Lib", "Tyuiu.DyuvenzhiMI.Sprint3.Task5.V28.Lib\Tyuiu.DyuvenzhiMI.Sprint3.Task5.V28.Lib.csproj", "{24F73973-1F56-4EFF-AD4C-FD633079E001}"
EndProject
Project("{FAE04EC0-301F-11D3-BF4B-00C04F79EFBC}") = "Tyuiu.DyuvenzhiMI.Sprint3.Task5.V28", "Tyuiu.DyuvenzhiMI.Sprint3.Task5.V28\Tyuiu.DyuvenzhiMI.Sprint3.Task5.V28.csproj", "{E7703764-A8AC-46F2-9ECF-29841305DDE0}"
EndProject
Project("{FAE04EC0-301F-11D3-BF4B-00C04F79EFBC}") = "Tyuiu.DyuvenzhiMI.Sprint3.Task5.V28.Test", "Tyuiu.DyuvenzhiMI.Sprint3.Task5.V28.Test\Tyuiu.DyuvenzhiMI.Sprint3.Task5.V28.Test.csproj", "{6201F69B-F4D4-4A23-8160-3457CE90467A}"
EndProject
Global
	GlobalSection(SolutionConfigurationPlatforms) = preSolution
		Debug|Any CPU = Debug|Any CPU
		Release|Any CPU = Release|Any CPU
	EndGlobalSection
	GlobalSection(ProjectConfigurationPlatforms) = postSolution
		{BA8A9195-30F5-4552-AB0E-DC144D8C05A6}.Debug|Any CPU.ActiveCfg = Debug|Any CPU
		{BA8A9195-30F5-4552-AB0E-DC144D8C05A6}.Debug|Any CPU.Build.0 = Debug|Any CPU
		{BA8A9195-30F5-4552-AB0E-DC144D8C05A6}.Release|Any CPU.ActiveCfg = Release|Any CPU
		{BA8A9195-30F5-4552-AB0E-DC144D8C05A6}.Release|Any CPU.Build.0 = Release|Any CPU
		{E93DF803-0504-49CC-82AD-9BBF3A0050D6}.Debug|Any CPU.ActiveCfg = Debug|Any CPU
		{E93DF803-0504-49CC-82AD-9BBF3A0050D6}.Debug|Any CPU.Build.0 = Debug|Any CPU
		{E93DF803-0504-49CC-82AD-9BBF3A0050D6}.Release|Any CPU.ActiveCfg = Release|Any CPU
		{E93DF803-0504-49CC-82AD-9BBF3A0050D6}.Release|Any CPU.Build.0 = Release|Any CPU
		{39A11873-5580-442A-AD0E-C1DF7384A076}.Debug|Any CPU.ActiveCfg = Debug|Any CPU
		{39A11873-5580-442A-AD0E-C1DF7384A076}.Debug|Any CPU.Build.0 = Debug|Any CPU
		{39A11873-5580-442A-AD0E-C1DF7384A076}.Release|Any CPU.ActiveCfg = Release|Any CPU
		{39A11873-5580-442A-AD0E-C1DF7384A076}.Release|Any CPU.Build.0 = Release|Any CPU
		{F717681F-7D65-49C0-AFC3-13B682472CCB}.Debug|Any CPU.ActiveCfg = Debug|Any CPU
		{F717681F-7D65-49C0-AFC3-13B682472CCB}.Debug|Any CPU.Build.0 = Debug|Any CPU
		{F717681F-7D65-49C0-AFC3-13B682472CCB}.Release|Any CPU.ActiveCfg = Release|Any CPU
		{F717681F-7D65-49C0-AFC3-13B682472CCB}.Release|Any CPU.Build.0 = Release|Any CPU
		{2C98B79B-4EA0-498F-B9BF-C7FA24C6B4CC}.Debug|Any CPU.ActiveCfg = Debug|Any CPU
		{2C98B79B-4EA0-498F-B9BF-C7FA24C6B4CC}.Debug|Any CPU.Build.0 = Debug|Any CPU
		{2C98B79B-4EA0-498F-B9BF-C7FA24C6B4CC}.Release|Any CPU.ActiveCfg = Release|Any CPU
		{2C98B79B-4EA0-498F-B9BF-C7FA24C6B4CC}.Release|Any CPU.Build.0 = Release|Any CPU
		{C99A75A8-BD9B-4C68-B0FC-4A192F59A4D4}.Debug|Any CPU.ActiveCfg = Debug|Any CPU
		{C99A75A8-BD9B-4C68-B0FC-4A192F59A4D4}.Debug|Any CPU.Build.0 = Debug|Any CPU
		{C99A75A8-BD9B-4C68-B0FC-4A192F59A4D4}.Release|Any CPU.ActiveCfg = Release|Any CPU
		{C99A75A8-BD9B-4C68-B0FC-4A192F59A4D4}.Release|Any CPU.Build.0 = Release|Any CPU
		{F05CD8B3-3A28-409E-9F46-86DE35B49A3B}.Debug|Any CPU.ActiveCfg = Debug|Any CPU
		{F05CD8B3-3A28-409E-9F46-86DE35B49A3B}.Debug|Any CPU.Build.0 = Debug|Any CPU
		{F05CD8B3-3A28-409E-9F46-86DE35B49A3B}.Release|Any CPU.ActiveCfg = Release|Any CPU
		{F05CD8B3-3A28-409E-9F46-86DE35B49A3B}.Release|Any CPU.Build.0 = Release|Any CPU
		{7CD738C6-873E-46B4-9F19-D9C1EFA9AF2E}.Debug|Any CPU.ActiveCfg = Debug|Any CPU
		{7CD738C6-873E-46B4-9F19-D9C1EFA9AF2E}.Debug|Any CPU.Build.0 = Debug|Any CPU
		{7CD738C6-873E-46B4-9F19-D9C1EFA9AF2E}.Release|Any CPU.ActiveCfg = Release|Any CPU
		{7CD738C6-873E-46B4-9F19-D9C1EFA9AF2E}.Release|Any CPU.Build.0 = Release|Any CPU
		{EA2782C4-6E48-4CBE-A058-95116AF6999A}.Debug|Any CPU.ActiveCfg = Debug|Any CPU
		{EA2782C4-6E48-4CBE-A058-95116AF6999A}.Debug|Any CPU.Build.0 = Debug|Any CPU
		{EA2782C4-6E48-4CBE-A058-95116AF6999A}.Release|Any CPU.ActiveCfg = Release|Any CPU
		{EA2782C4-6E48-4CBE-A058-95116AF6999A}.Release|Any CPU.Build.0 = Release|Any CPU
		{668A993D-4122-42A1-9FF4-2D36A947EF52}.Debug|Any CPU.ActiveCfg = Debug|Any CPU
		{668A993D-4122-42A1-9FF4-2D36A947EF52}.Debug|Any CPU.Build.0 = Debug|Any CPU
		{668A993D-4122-42A1-9FF4-2D36A947EF52}.Release|Any CPU.ActiveCfg = Release|Any CPU
		{668A993D-4122-42A1-9FF4-2D36A947EF52}.Release|Any CPU.Build.0 = Release|Any CPU
		{DD01322A-4B34-4A81-A2B0-6E1BCB284163}.Debug|Any CPU.ActiveCfg = Debug|Any CPU
		{DD01322A-4B34-4A81-A2B0-6E1BCB284163}.Debug|Any CPU.Build.0 = Debug|Any CPU
		{DD01322A-4B34-4A81-A2B0-6E1BCB284163}.Release|Any CPU.ActiveCfg = Release|Any CPU
		{DD01322A-4B34-4A81-A2B0-6E1BCB284163}.Release|Any CPU.Build.0 = Release|Any CPU
		{8FF3B150-7CC6-43D8-B2FC-F02290CB6B4F}.Debug|Any CPU.ActiveCfg = Debug|Any CPU
		{8FF3B150-7CC6-43D8-B2FC-F02290CB6B4F}.Debug|Any CPU.Build.0 = Debug|Any CPU
		{8FF3B150-7CC6-43D8-B2FC-F02290CB6B4F}.Release|Any CPU.ActiveCfg = Release|Any CPU
		{8FF3B150-7CC6-43D8-B2FC-F02290CB6B4F}.Release|Any CPU.Build.0 = Release|Any CPU
		{B1274C08-1684-428C-A1A4-CAC596A35F9B}.Debug|Any CPU.ActiveCfg = Debug|Any CPU
		{B1274C08-1684-428C-A1A4-CAC596A35F9B}.Debug|Any CPU.Build.0 = Debug|Any CPU
		{B1274C08-1684-428C-A1A4-CAC596A35F9B}.Release|Any CPU.ActiveCfg = Release|Any CPU
		{B1274C08-1684-428C-A1A4-CAC596A35F9B}.Release|Any CPU.Build.0 = Release|Any CPU
		{2288E19C-8AE1-46C9-A7BB-62A5ADE838BA}.Debug|Any CPU.ActiveCfg = Debug|Any CPU
		{2288E19C-8AE1-46C9-A7BB-62A5ADE838BA}.Debug|Any CPU.Build.0 = Debug|Any CPU
		{2288E19C-8AE1-46C9-A7BB-62A5ADE838BA}.Release|Any CPU.ActiveCfg = Release|Any CPU
		{2288E19C-8AE1-46C9-A7BB-62A5ADE838BA}.Release|Any CPU.Build.0 = Release|Any CPU
		{3958A510-421F-4B42-A045-1CF32292809B}.Debug|Any CPU.ActiveCfg = Debug|Any CPU
		{3958A510-421F-4B42-A045-1CF32292809B}.Debug|Any CPU.Build.0 = Debug|Any CPU
		{3958A510-421F-4B42-A045-1CF32292809B}.Release|Any CPU.ActiveCfg = Release|Any CPU
		{3958A510-421F-4B42-A045-1CF32292809B}.Release|Any CPU.Build.0 = Release|Any CPU
		{24F73973-1F56-4EFF-AD4C-FD633079E001}.Debug|Any CPU.ActiveCfg = Debug|Any CPU
		{24F73973-1F56-4EFF-AD4C-FD633079E001}.Debug|Any CPU.Build.0 = Debug|Any CPU
		{24F73973-1F56-4EFF-AD4C-FD633079E001}.Release|Any CPU.ActiveCfg = Release|Any CPU
		{24F73973-1F56-4EFF-AD4C-FD633079E001}.Release|Any CPU.Build.0 = Release|Any CPU
		{E7703764-A8AC-46F2-9ECF-29841305DDE0}.Debug|Any CPU.ActiveCfg = Debug|Any CPU
		{E7703764-A8AC-46F2-9ECF-29841305DDE0}.Debug|Any CPU.Build.0 = Debug|Any CPU
		{E7703764-A8AC-46F2-9ECF-29841305DDE0}.Release|Any CPU.ActiveCfg = Release|Any CPU
		{E7703764-A8AC-46F2-9ECF-29841305DDE0}.Release|Any CPU.Build.0 = Release|Any CPU
		{6201F69B-F4D4-4A23-8160-3457CE90467A}.Debug|Any CPU.ActiveCfg = Debug|Any CPU
		{6201F69B-F4D4-4A23-8160-3457CE90467A}.Debug|Any CPU.Build.0 = Debug|Any CPU
		{6201F69B-F4D4-4A23-8160-3457CE90467A}.Release|Any CPU.ActiveCfg = Release|Any CPU
		{6201F69B-F4D4-4A23-8160-3457CE90467A}.Release|Any CPU.Build.0 = Release|Any CPU
	EndGlobalSection
	GlobalSection(SolutionProperties) = preSolution
		HideSolutionNode = FALSE
	EndGlobalSection
	GlobalSection(NestedProjects) = preSolution
		{BA8A9195-30F5-4552-AB0E-DC144D8C05A6} = {02EA681E-C7D8-13C7-8484-4AC65E1B71E8}
		{E93DF803-0504-49CC-82AD-9BBF3A0050D6} = {02EA681E-C7D8-13C7-8484-4AC65E1B71E8}
		{39A11873-5580-442A-AD0E-C1DF7384A076} = {02EA681E-C7D8-13C7-8484-4AC65E1B71E8}
		{F717681F-7D65-49C0-AFC3-13B682472CCB} = {0D015748-C852-406A-AF3C-3D740F9CEA44}
		{2C98B79B-4EA0-498F-B9BF-C7FA24C6B4CC} = {0D015748-C852-406A-AF3C-3D740F9CEA44}
		{C99A75A8-BD9B-4C68-B0FC-4A192F59A4D4} = {0D015748-C852-406A-AF3C-3D740F9CEA44}
		{F05CD8B3-3A28-409E-9F46-86DE35B49A3B} = {8E115581-1205-4098-A39C-56F5879CB3DB}
		{7CD738C6-873E-46B4-9F19-D9C1EFA9AF2E} = {8E115581-1205-4098-A39C-56F5879CB3DB}
		{EA2782C4-6E48-4CBE-A058-95116AF6999A} = {8E115581-1205-4098-A39C-56F5879CB3DB}
		{668A993D-4122-42A1-9FF4-2D36A947EF52} = {AED21638-6936-41CA-ABC3-EC3C055C8EC7}
		{DD01322A-4B34-4A81-A2B0-6E1BCB284163} = {AED21638-6936-41CA-ABC3-EC3C055C8EC7}
		{8FF3B150-7CC6-43D8-B2FC-F02290CB6B4F} = {AED21638-6936-41CA-ABC3-EC3C055C8EC7}
		{B1274C08-1684-428C-A1A4-CAC596A35F9B} = {D5934930-5E8D-4146-9763-24FB78FB4256}
		{2288E19C-8AE1-46C9-A7BB-62A5ADE838BA} = {D5934930-5E8D-4146-9763-24FB78FB4256}
		{3958A510-421F-4B42-A045-1CF32292809B} = {D5934930-5E8D-4146-9763-24FB78FB4256}
		{24F73973-1F56-4EFF-AD4C-FD633079E001} = {3370F676-5BBD-428C-8B22-93686CA55CEC}
		{E7703764-A8AC-46F2-9ECF-29841305DDE0} = {3370F676-5BBD-428C-8B22-93686CA55CEC}
		{6201F69B-F4D4-4A23-8160-3457CE90467A} = {3370F676-5BBD-428C-8B22-93686CA55CEC}
	EndGlobalSection
	GlobalSection(ExtensibilityGlobals) = postSolution
		SolutionGuid = {31A95277-098B-4AFC-8F08-5AA86E3D4EF3}
	EndGlobalSection
EndGlobal
