
Microsoft Visual Studio Solution File, Format Version 12.00
# Visual Studio Version 17
VisualStudioVersion = 17.14.36414.22
MinimumVisualStudioVersion = 10.0.40219.1
Project("{2150E333-8FDC-42A3-9474-1A3956D46DE8}") = "Task0", "Task0", "{02EA681E-C7D8-13C7-8484-4AC65E1B71E8}"
EndProject
Project("{FAE04EC0-301F-11D3-BF4B-00C04F79EFBC}") = "Tyuiu.DyuvenzhiMI.Sprint3.Task0.V29.Lib", "Tyuiu.DyuvenzhiMI.Sprint3.Task0.V29.Lib\Tyuiu.DyuvenzhiMI.Sprint3.Task0.V29.Lib.csproj", "{BA8A9195-30F5-4552-AB0E-DC144D8C05A6}"
EndProject
Project("{FAE04EC0-301F-11D3-BF4B-00C04F79EFBC}") = "Tyuiu.DyuvenzhiMI.Sprint3.Task0.V29.Test", "Tyuiu.DyuvenzhiMI.Sprint3.Task0.V29.Test\Tyuiu.DyuvenzhiMI.Sprint3.Task0.V29.Test.csproj", "{E93DF803-0504-49CC-82AD-9BBF3A0050D6}"
EndProject
Project("{FAE04EC0-301F-11D3-BF4B-00C04F79EFBC}") = "Tyuiu.DyuvenzhiMI.Sprint3.Task0.V29", "Tyuiu.DyuvenzhiMI.Sprint3.Task0.V29\Tyuiu.DyuvenzhiMI.Sprint3.Task0.V29.csproj", "{39A11873-5580-442A-AD0E-C1DF7384A076}"
EndProject
Project("{2150E333-8FDC-42A3-9474-1A3956D46DE8}") = "Task1", "Task1", "{0D015748-C852-406A-AF3C-3D740F9CEA44}"
EndProject
Project("{FAE04EC0-301F-11D3-BF4B-00C04F79EFBC}") = "Tyuiu.DyuvenzhiMI.Sprint3.Task1.V29.Lib", "Tyuiu.DyuvenzhiMI.Sprint3.Task1.V29.Lib\Tyuiu.DyuvenzhiMI.Sprint3.Task1.V29.Lib.csproj", "{F717681F-7D65-49C0-AFC3-13B682472CCB}"
EndProject
Project("{FAE04EC0-301F-11D3-BF4B-00C04F79EFBC}") = "Tyuiu.DyuvenzhiMI.Sprint3.Task1.V29", "Tyuiu.DyuvenzhiMI.Sprint3.Task1.V29\Tyuiu.DyuvenzhiMI.Sprint3.Task1.V29.csproj", "{2C98B79B-4EA0-498F-B9BF-C7FA24C6B4CC}"
EndProject
Project("{FAE04EC0-301F-11D3-BF4B-00C04F79EFBC}") = "Tyuiu.DyuvenzhiMI.Sprint3.Task1.V29.Test", "Tyuiu.DyuvenzhiMI.Sprint3.Task1.V29.Test\Tyuiu.DyuvenzhiMI.Sprint3.Task1.V29.Test.csproj", "{C99A75A8-BD9B-4C68-B0FC-4A192F59A4D4}"
EndProject
Project("{2150E333-8FDC-42A3-9474-1A3956D46DE8}") = "Task2", "Task2", "{8E115581-1205-4098-A39C-56F5879CB3DB}"
EndProject
Project("{FAE04EC0-301F-11D3-BF4B-00C04F79EFBC}") = "Tyuiu.DyuvenzhiMI.Sprint3.Task2.V15.Test", "Tyuiu.DyuvenzhiMI.Sprint3.Task2.V15.Test\Tyuiu.DyuvenzhiMI.Sprint3.Task2.V15.Test.csproj", "{F05CD8B3-3A28-409E-9F46-86DE35B49A3B}"
EndProject
Project("{FAE04EC0-301F-11D3-BF4B-00C04F79EFBC}") = "Tyuiu.DyuvenzhiMI.Sprint3.Task2.V15", "Tyuiu.DyuvenzhiMI.Sprint3.Task2.V15\Tyuiu.DyuvenzhiMI.Sprint3.Task2.V15.csproj", "{7CD738C6-873E-46B4-9F19-D9C1EFA9AF2E}"
EndProject
Project("{FAE04EC0-301F-11D3-BF4B-00C04F79EFBC}") = "Tyuiu.DyuvenzhiMI.Sprint3.Task2.V15.Lib", "Tyuiu.DyuvenzhiMI.Sprint3.Task2.V15.Lib\Tyuiu.DyuvenzhiMI.Sprint3.Task2.V15.Lib.csproj", "{EA2782C4-6E48-4CBE-A058-95116AF6999A}"
EndProject
Global
	GlobalSection(SolutionConfigurationPlatforms) = preSolution
		Debug|Any CPU = Debug|Any CPU
		Release|Any CPU = Release|Any CPU
	EndGlobalSection
	GlobalSection(ProjectConfigurationPlatforms) = postSolution
		{BA8A9195-30F5-4552-AB0E-DC144D8C05A6}.Debug|Any CPU.ActiveCfg = Debug|Any CPU
		{BA8A9195-30F5-4552-AB0E-DC144D8C05A6}.Debug|Any CPU.Build.0 = Debug|Any CPU
		{BA8A9195-30F5-4552-AB0E-DC144D8C05A6}.Release|Any CPU.ActiveCfg = Release|Any CPU
		{BA8A9195-30F5-4552-AB0E-DC144D8C05A6}.Release|Any CPU.Build.0 = Release|Any CPU
		{E93DF803-0504-49CC-82AD-9BBF3A0050D6}.Debug|Any CPU.ActiveCfg = Debug|Any CPU
		{E93DF803-0504-49CC-82AD-9BBF3A0050D6}.Debug|Any CPU.Build.0 = Debug|Any CPU
		{E93DF803-0504-49CC-82AD-9BBF3A0050D6}.Release|Any CPU.ActiveCfg = Release|Any CPU
		{E93DF803-0504-49CC-82AD-9BBF3A0050D6}.Release|Any CPU.Build.0 = Release|Any CPU
		{39A11873-5580-442A-AD0E-C1DF7384A076}.Debug|Any CPU.ActiveCfg = Debug|Any CPU
		{39A11873-5580-442A-AD0E-C1DF7384A076}.Debug|Any CPU.Build.0 = Debug|Any CPU
		{39A11873-5580-442A-AD0E-C1DF7384A076}.Release|Any CPU.ActiveCfg = Release|Any CPU
		{39A11873-5580-442A-AD0E-C1DF7384A076}.Release|Any CPU.Build.0 = Release|Any CPU
		{F717681F-7D65-49C0-AFC3-13B682472CCB}.Debug|Any CPU.ActiveCfg = Debug|Any CPU
		{F717681F-7D65-49C0-AFC3-13B682472CCB}.Debug|Any CPU.Build.0 = Debug|Any CPU
		{F717681F-7D65-49C0-AFC3-13B682472CCB}.Release|Any CPU.ActiveCfg = Release|Any CPU
		{F717681F-7D65-49C0-AFC3-13B682472CCB}.Release|Any CPU.Build.0 = Release|Any CPU
		{2C98B79B-4EA0-498F-B9BF-C7FA24C6B4CC}.Debug|Any CPU.ActiveCfg = Debug|Any CPU
		{2C98B79B-4EA0-498F-B9BF-C7FA24C6B4CC}.Debug|Any CPU.Build.0 = Debug|Any CPU
		{2C98B79B-4EA0-498F-B9BF-C7FA24C6B4CC}.Release|Any CPU.ActiveCfg = Release|Any CPU
		{2C98B79B-4EA0-498F-B9BF-C7FA24C6B4CC}.Release|Any CPU.Build.0 = Release|Any CPU
		{C99A75A8-BD9B-4C68-B0FC-4A192F59A4D4}.Debug|Any CPU.ActiveCfg = Debug|Any CPU
		{C99A75A8-BD9B-4C68-B0FC-4A192F59A4D4}.Debug|Any CPU.Build.0 = Debug|Any CPU
		{C99A75A8-BD9B-4C68-B0FC-4A192F59A4D4}.Release|Any CPU.ActiveCfg = Release|Any CPU
		{C99A75A8-BD9B-4C68-B0FC-4A192F59A4D4}.Release|Any CPU.Build.0 = Release|Any CPU
		{F05CD8B3-3A28-409E-9F46-86DE35B49A3B}.Debug|Any CPU.ActiveCfg = Debug|Any CPU
		{F05CD8B3-3A28-409E-9F46-86DE35B49A3B}.Debug|Any CPU.Build.0 = Debug|Any CPU
		{F05CD8B3-3A28-409E-9F46-86DE35B49A3B}.Release|Any CPU.ActiveCfg = Release|Any CPU
		{F05CD8B3-3A28-409E-9F46-86DE35B49A3B}.Release|Any CPU.Build.0 = Release|Any CPU
		{7CD738C6-873E-46B4-9F19-D9C1EFA9AF2E}.Debug|Any CPU.ActiveCfg = Debug|Any CPU
		{7CD738C6-873E-46B4-9F19-D9C1EFA9AF2E}.Debug|Any CPU.Build.0 = Debug|Any CPU
		{7CD738C6-873E-46B4-9F19-D9C1EFA9AF2E}.Release|Any CPU.ActiveCfg = Release|Any CPU
		{7CD738C6-873E-46B4-9F19-D9C1EFA9AF2E}.Release|Any CPU.Build.0 = Release|Any CPU
		{EA2782C4-6E48-4CBE-A058-95116AF6999A}.Debug|Any CPU.ActiveCfg = Debug|Any CPU
		{EA2782C4-6E48-4CBE-A058-95116AF6999A}.Debug|Any CPU.Build.0 = Debug|Any CPU
		{EA2782C4-6E48-4CBE-A058-95116AF6999A}.Release|Any CPU.ActiveCfg = Release|Any CPU
		{EA2782C4-6E48-4CBE-A058-95116AF6999A}.Release|Any CPU.Build.0 = Release|Any CPU
	EndGlobalSection
	GlobalSection(SolutionProperties) = preSolution
		HideSolutionNode = FALSE
	EndGlobalSection
	GlobalSection(NestedProjects) = preSolution
		{BA8A9195-30F5-4552-AB0E-DC144D8C05A6} = {02EA681E-C7D8-13C7-8484-4AC65E1B71E8}
		{E93DF803-0504-49CC-82AD-9BBF3A0050D6} = {02EA681E-C7D8-13C7-8484-4AC65E1B71E8}
		{39A11873-5580-442A-AD0E-C1DF7384A076} = {02EA681E-C7D8-13C7-8484-4AC65E1B71E8}
		{F717681F-7D65-49C0-AFC3-13B682472CCB} = {0D015748-C852-406A-AF3C-3D740F9CEA44}
		{2C98B79B-4EA0-498F-B9BF-C7FA24C6B4CC} = {0D015748-C852-406A-AF3C-3D740F9CEA44}
		{C99A75A8-BD9B-4C68-B0FC-4A192F59A4D4} = {0D015748-C852-406A-AF3C-3D740F9CEA44}
		{F05CD8B3-3A28-409E-9F46-86DE35B49A3B} = {8E115581-1205-4098-A39C-56F5879CB3DB}
		{7CD738C6-873E-46B4-9F19-D9C1EFA9AF2E} = {8E115581-1205-4098-A39C-56F5879CB3DB}
		{EA2782C4-6E48-4CBE-A058-95116AF6999A} = {8E115581-1205-4098-A39C-56F5879CB3DB}
	EndGlobalSection
	GlobalSection(ExtensibilityGlobals) = postSolution
		SolutionGuid = {31A95277-098B-4AFC-8F08-5AA86E3D4EF3}
	EndGlobalSection
EndGlobal
